
Microsoft Visual Studio Solution File, Format Version 12.00
# Visual Studio Version 16
VisualStudioVersion = 16.0.32802.440
MinimumVisualStudioVersion = 10.0.40219.1
Project("{8BC9CEB8-8B4A-11D0-8D11-00A0C91BC942}") = "Server", "Server\Server.vcxproj", "{FC1FEBE7-D76D-4A49-9FB0-70F4CC8950B8}"
EndProject
Project("{8BC9CEB8-8B4A-11D0-8D11-00A0C91BC942}") = "Client", "Client\Client.vcxproj", "{9A1ED8ED-CDA7-41BA-B005-0DF22DF6CCCC}"
	ProjectSection(ProjectDependencies) = postProject
		{FC1FEBE7-D76D-4A49-9FB0-70F4CC8950B8} = {FC1FEBE7-D76D-4A49-9FB0-70F4CC8950B8}
	EndProjectSection
EndProject
Global
	GlobalSection(SolutionConfigurationPlatforms) = preSolution
		Debug|x64 = Debug|x64
		Debug|x86 = Debug|x86
		Release|x64 = Release|x64
		Release|x86 = Release|x86
	EndGlobalSection
	GlobalSection(ProjectConfigurationPlatforms) = postSolution
		{FC1FEBE7-D76D-4A49-9FB0-70F4CC8950B8}.Debug|x64.ActiveCfg = Debug|x64
		{FC1FEBE7-D76D-4A49-9FB0-70F4CC8950B8}.Debug|x64.Build.0 = Debug|x64
		{FC1FEBE7-D76D-4A49-9FB0-70F4CC8950B8}.Debug|x86.ActiveCfg = Debug|Win32
		{FC1FEBE7-D76D-4A49-9FB0-70F4CC8950B8}.Debug|x86.Build.0 = Debug|Win32
		{FC1FEBE7-D76D-4A49-9FB0-70F4CC8950B8}.Release|x64.ActiveCfg = Release|x64
		{FC1FEBE7-D76D-4A49-9FB0-70F4CC8950B8}.Release|x64.Build.0 = Release|x64
		{FC1FEBE7-D76D-4A49-9FB0-70F4CC8950B8}.Release|x86.ActiveCfg = Release|Win32
		{FC1FEBE7-D76D-4A49-9FB0-70F4CC8950B8}.Release|x86.Build.0 = Release|Win32
		{9A1ED8ED-CDA7-41BA-B005-0DF22DF6CCCC}.Debug|x64.ActiveCfg = Debug|x64
		{9A1ED8ED-CDA7-41BA-B005-0DF22DF6CCCC}.Debug|x64.Build.0 = Debug|x64
		{9A1ED8ED-CDA7-41BA-B005-0DF22DF6CCCC}.Debug|x86.ActiveCfg = Debug|Win32
		{9A1ED8ED-CDA7-41BA-B005-0DF22DF6CCCC}.Debug|x86.Build.0 = Debug|Win32
		{9A1ED8ED-CDA7-41BA-B005-0DF22DF6CCCC}.Release|x64.ActiveCfg = Release|x64
		{9A1ED8ED-CDA7-41BA-B005-0DF22DF6CCCC}.Release|x64.Build.0 = Release|x64
		{9A1ED8ED-CDA7-41BA-B005-0DF22DF6CCCC}.Release|x86.ActiveCfg = Release|Win32
		{9A1ED8ED-CDA7-41BA-B005-0DF22DF6CCCC}.Release|x86.Build.0 = Release|Win32
	EndGlobalSection
	GlobalSection(SolutionProperties) = preSolution
		HideSolutionNode = FALSE
	EndGlobalSection
	GlobalSection(ExtensibilityGlobals) = postSolution
		SolutionGuid = {31D7071A-CE67-4366-82CA-F0C6B3B89484}
	EndGlobalSection
EndGlobal
